// !$*UTF8*$!
{
	archiveVersion = 1;
	classes = {
	};
	objectVersion = 77;
	objects = {

/* Begin PBXBuildFile section */
		2F813A262F0BC6BD0076B6D0 /* Quartz.framework in Frameworks */ = {isa = PBXBuildFile; fileRef = 2F813A252F0BC6BD0076B6D0 /* Quartz.framework */; };
		2F813A322F0BC6BD0076B6D0 /* MarkdownPreviewExtension.appex in Embed Foundation Extensions */ = {isa = PBXBuildFile; fileRef = 2F813A232F0BC6BD0076B6D0 /* MarkdownPreviewExtension.appex */; settings = {ATTRIBUTES = (RemoveHeadersOnCopy, ); }; };
/* End PBXBuildFile section */

/* Begin PBXContainerItemProxy section */
		2F813A302F0BC6BD0076B6D0 /* PBXContainerItemProxy */ = {
			isa = PBXContainerItemProxy;
			containerPortal = 2F813A092F0BC6860076B6D0 /* Project object */;
			proxyType = 1;
			remoteGlobalIDString = 2F813A222F0BC6BD0076B6D0;
			remoteInfo = MarkdownPreviewExtension;
		};
/* End PBXContainerItemProxy section */

/* Begin PBXCopyFilesBuildPhase section */
		2F813A372F0BC6BD0076B6D0 /* Embed Foundation Extensions */ = {
			isa = PBXCopyFilesBuildPhase;
			buildActionMask = 2147483647;
			dstPath = "";
			dstSubfolderSpec = 13;
			files = (
				2F813A322F0BC6BD0076B6D0 /* MarkdownPreviewExtension.appex in Embed Foundation Extensions */,
			);
			name = "Embed Foundation Extensions";
			runOnlyForDeploymentPostprocessing = 0;
		};
/* End PBXCopyFilesBuildPhase section */

/* Begin PBXFileReference section */
		2F813A112F0BC6860076B6D0 /* MarkdownPreviewer.app */ = {isa = PBXFileReference; explicitFileType = wrapper.application; includeInIndex = 0; path = MarkdownPreviewer.app; sourceTree = BUILT_PRODUCTS_DIR; };
		2F813A232F0BC6BD0076B6D0 /* MarkdownPreviewExtension.appex */ = {isa = PBXFileReference; explicitFileType = "wrapper.app-extension"; includeInIndex = 0; path = MarkdownPreviewExtension.appex; sourceTree = BUILT_PRODUCTS_DIR; };
		2F813A252F0BC6BD0076B6D0 /* Quartz.framework */ = {isa = PBXFileReference; lastKnownFileType = wrapper.framework; name = Quartz.framework; path = System/Library/Frameworks/Quartz.framework; sourceTree = SDKROOT; };
/* End PBXFileReference section */

/* Begin PBXFileSystemSynchronizedBuildFileExceptionSet section */
		2F813A332F0BC6BD0076B6D0 /* Exceptions for "MarkdownPreviewExtension" folder in "MarkdownPreviewExtension" target */ = {
			isa = PBXFileSystemSynchronizedBuildFileExceptionSet;
			membershipExceptions = (
				Info.plist,
			);
			target = 2F813A222F0BC6BD0076B6D0 /* MarkdownPreviewExtension */;
		};
/* End PBXFileSystemSynchronizedBuildFileExceptionSet section */

/* Begin PBXFileSystemSynchronizedRootGroup section */
		2F813A132F0BC6860076B6D0 /* MarkdownPreviewer */ = {
			isa = PBXFileSystemSynchronizedRootGroup;
			path = MarkdownPreviewer;
			sourceTree = "<group>";
		};
		2F813A272F0BC6BD0076B6D0 /* MarkdownPreviewExtension */ = {
			isa = PBXFileSystemSynchronizedRootGroup;
			exceptions = (
				2F813A332F0BC6BD0076B6D0 /* Exceptions for "MarkdownPreviewExtension" folder in "MarkdownPreviewExtension" target */,
			);
			path = MarkdownPreviewExtension;
			sourceTree = "<group>";
		};
/* End PBXFileSystemSynchronizedRootGroup section */

/* Begin PBXFrameworksBuildPhase section */
		2F813A0E2F0BC6860076B6D0 /* Frameworks */ = {
			isa = PBXFrameworksBuildPhase;
			buildActionMask = 2147483647;
			files = (
			);
			runOnlyForDeploymentPostprocessing = 0;
		};
		2F813A202F0BC6BD0076B6D0 /* Frameworks */ = {
			isa = PBXFrameworksBuildPhase;
			buildActionMask = 2147483647;
			files = (
				2F813A262F0BC6BD0076B6D0 /* Quartz.framework in Frameworks */,
			);
			runOnlyForDeploymentPostprocessing = 0;
		};
/* End PBXFrameworksBuildPhase section */

/* Begin PBXGroup section */
		2F813A082F0BC6860076B6D0 = {
			isa = PBXGroup;
			children = (
				2F813A132F0BC6860076B6D0 /* MarkdownPreviewer */,
				2F813A272F0BC6BD0076B6D0 /* MarkdownPreviewExtension */,
				2F813A242F0BC6BD0076B6D0 /* Frameworks */,
				2F813A122F0BC6860076B6D0 /* Products */,
			);
			sourceTree = "<group>";
		};
		2F813A122F0BC6860076B6D0 /* Products */ = {
			isa = PBXGroup;
			children = (
				2F813A112F0BC6860076B6D0 /* MarkdownPreviewer.app */,
				2F813A232F0BC6BD0076B6D0 /* MarkdownPreviewExtension.appex */,
			);
			name = Products;
			sourceTree = "<group>";
		};
		2F813A242F0BC6BD0076B6D0 /* Frameworks */ = {
			isa = PBXGroup;
			children = (
				2F813A252F0BC6BD0076B6D0 /* Quartz.framework */,
			);
			name = Frameworks;
			sourceTree = "<group>";
		};
/* End PBXGroup section */

/* Begin PBXNativeTarget section */
		2F813A102F0BC6860076B6D0 /* MarkdownPreviewer */ = {
			isa = PBXNativeTarget;
			buildConfigurationList = 2F813A1C2F0BC6870076B6D0 /* Build configuration list for PBXNativeTarget "MarkdownPreviewer" */;
			buildPhases = (
				2F813A0D2F0BC6860076B6D0 /* Sources */,
				2F813A0E2F0BC6860076B6D0 /* Frameworks */,
				2F813A0F2F0BC6860076B6D0 /* Resources */,
				2F813A372F0BC6BD0076B6D0 /* Embed Foundation Extensions */,
			);
			buildRules = (
			);
			dependencies = (
				2F813A312F0BC6BD0076B6D0 /* PBXTargetDependency */,
			);
			fileSystemSynchronizedGroups = (
				2F813A132F0BC6860076B6D0 /* MarkdownPreviewer */,
			);
			name = MarkdownPreviewer;
			packageProductDependencies = (
			);
			productName = MarkdownPreviewer;
			productReference = 2F813A112F0BC6860076B6D0 /* MarkdownPreviewer.app */;
			productType = "com.apple.product-type.application";
		};
		2F813A222F0BC6BD0076B6D0 /* MarkdownPreviewExtension */ = {
			isa = PBXNativeTarget;
			buildConfigurationList = 2F813A342F0BC6BD0076B6D0 /* Build configuration list for PBXNativeTarget "MarkdownPreviewExtension" */;
			buildPhases = (
				2F813A1F2F0BC6BD0076B6D0 /* Sources */,
				2F813A202F0BC6BD0076B6D0 /* Frameworks */,
				2F813A212F0BC6BD0076B6D0 /* Resources */,
			);
			buildRules = (
			);
			dependencies = (
			);
			fileSystemSynchronizedGroups = (
				2F813A272F0BC6BD0076B6D0 /* MarkdownPreviewExtension */,
			);
			name = MarkdownPreviewExtension;
			packageProductDependencies = (
			);
			productName = MarkdownPreviewExtension;
			productReference = 2F813A232F0BC6BD0076B6D0 /* MarkdownPreviewExtension.appex */;
			productType = "com.apple.product-type.app-extension";
		};
/* End PBXNativeTarget section */

/* Begin PBXProject section */
		2F813A092F0BC6860076B6D0 /* Project object */ = {
			isa = PBXProject;
			attributes = {
				BuildIndependentTargetsInParallel = 1;
				LastSwiftUpdateCheck = 2620;
				LastUpgradeCheck = 2620;
				TargetAttributes = {
					2F813A102F0BC6860076B6D0 = {
						CreatedOnToolsVersion = 26.2;
					};
					2F813A222F0BC6BD0076B6D0 = {
						CreatedOnToolsVersion = 26.2;
					};
				};
			};
			buildConfigurationList = 2F813A0C2F0BC6860076B6D0 /* Build configuration list for PBXProject "MarkdownPreviewer" */;
			developmentRegion = en;
			hasScannedForEncodings = 0;
			knownRegions = (
				en,
				Base,
			);
			mainGroup = 2F813A082F0BC6860076B6D0;
			minimizedProjectReferenceProxies = 1;
			preferredProjectObjectVersion = 77;
			productRefGroup = 2F813A122F0BC6860076B6D0 /* Products */;
			projectDirPath = "";
			projectRoot = "";
			targets = (
				2F813A102F0BC6860076B6D0 /* MarkdownPreviewer */,
				2F813A222F0BC6BD0076B6D0 /* MarkdownPreviewExtension */,
			);
		};
/* End PBXProject section */

/* Begin PBXResourcesBuildPhase section */
		2F813A0F2F0BC6860076B6D0 /* Resources */ = {
			isa = PBXResourcesBuildPhase;
			buildActionMask = 2147483647;
			files = (
			);
			runOnlyForDeploymentPostprocessing = 0;
		};
		2F813A212F0BC6BD0076B6D0 /* Resources */ = {
			isa = PBXResourcesBuildPhase;
			buildActionMask = 2147483647;
			files = (
			);
			runOnlyForDeploymentPostprocessing = 0;
		};
/* End PBXResourcesBuildPhase section */

/* Begin PBXSourcesBuildPhase section */
		2F813A0D2F0BC6860076B6D0 /* Sources */ = {
			isa = PBXSourcesBuildPhase;
			buildActionMask = 2147483647;
			files = (
			);
			runOnlyForDeploymentPostprocessing = 0;
		};
		2F813A1F2F0BC6BD0076B6D0 /* Sources */ = {
			isa = PBXSourcesBuildPhase;
			buildActionMask = 2147483647;
			files = (
			);
			runOnlyForDeploymentPostprocessing = 0;
		};
/* End PBXSourcesBuildPhase section */

/* Begin PBXTargetDependency section */
		2F813A312F0BC6BD0076B6D0 /* PBXTargetDependency */ = {
			isa = PBXTargetDependency;
			target = 2F813A222F0BC6BD0076B6D0 /* MarkdownPreviewExtension */;
			targetProxy = 2F813A302F0BC6BD0076B6D0 /* PBXContainerItemProxy */;
		};
/* End PBXTargetDependency section */

/* Begin XCBuildConfiguration section */
		2F813A1A2F0BC6870076B6D0 /* Debug */ = {
			isa = XCBuildConfiguration;
			buildSettings = {
				ALWAYS_SEARCH_USER_PATHS = NO;
				ASSETCATALOG_COMPILER_GENERATE_SWIFT_ASSET_SYMBOL_EXTENSIONS = YES;
				CLANG_ANALYZER_NONNULL = YES;
				CLANG_ANALYZER_NUMBER_OBJECT_CONVERSION = YES_AGGRESSIVE;
				CLANG_CXX_LANGUAGE_STANDARD = "gnu++20";
				CLANG_ENABLE_MODULES = YES;
				CLANG_ENABLE_OBJC_ARC = YES;
				CLANG_ENABLE_OBJC_WEAK = YES;
				CLANG_WARN_BLOCK_CAPTURE_AUTORELEASING = YES;
				CLANG_WARN_BOOL_CONVERSION = YES;
				CLANG_WARN_COMMA = YES;
				CLANG_WARN_CONSTANT_CONVERSION = YES;
				CLANG_WARN_DEPRECATED_OBJC_IMPLEMENTATIONS = YES;
				CLANG_WARN_DIRECT_OBJC_ISA_USAGE = YES_ERROR;
				CLANG_WARN_DOCUMENTATION_COMMENTS = YES;
				CLANG_WARN_EMPTY_BODY = YES;
				CLANG_WARN_ENUM_CONVERSION = YES;
				CLANG_WARN_INFINITE_RECURSION = YES;
				CLANG_WARN_INT_CONVERSION = YES;
				CLANG_WARN_NON_LITERAL_NULL_CONVERSION = YES;
				CLANG_WARN_OBJC_IMPLICIT_RETAIN_SELF = YES;
				CLANG_WARN_OBJC_LITERAL_CONVERSION = YES;
				CLANG_WARN_OBJC_ROOT_CLASS = YES_ERROR;
				CLANG_WARN_QUOTED_INCLUDE_IN_FRAMEWORK_HEADER = YES;
				CLANG_WARN_RANGE_LOOP_ANALYSIS = YES;
				CLANG_WARN_STRICT_PROTOTYPES = YES;
				CLANG_WARN_SUSPICIOUS_MOVE = YES;
				CLANG_WARN_UNGUARDED_AVAILABILITY = YES_AGGRESSIVE;
				CLANG_WARN_UNREACHABLE_CODE = YES;
				CLANG_WARN__DUPLICATE_METHOD_MATCH = YES;
				COPY_PHASE_STRIP = NO;
				DEBUG_INFORMATION_FORMAT = dwarf;
				ENABLE_STRICT_OBJC_MSGSEND = YES;
				ENABLE_TESTABILITY = YES;
				ENABLE_USER_SCRIPT_SANDBOXING = YES;
				GCC_C_LANGUAGE_STANDARD = gnu17;
				GCC_DYNAMIC_NO_PIC = NO;
				GCC_NO_COMMON_BLOCKS = YES;
				GCC_OPTIMIZATION_LEVEL = 0;
				GCC_PREPROCESSOR_DEFINITIONS = (
					"DEBUG=1",
					"$(inherited)",
				);
				GCC_WARN_64_TO_32_BIT_CONVERSION = YES;
				GCC_WARN_ABOUT_RETURN_TYPE = YES_ERROR;
				GCC_WARN_UNDECLARED_SELECTOR = YES;
				GCC_WARN_UNINITIALIZED_AUTOS = YES_AGGRESSIVE;
				GCC_WARN_UNUSED_FUNCTION = YES;
				GCC_WARN_UNUSED_VARIABLE = YES;
				LOCALIZATION_PREFERS_STRING_CATALOGS = YES;
				MACOSX_DEPLOYMENT_TARGET = 12.0;
				MTL_ENABLE_DEBUG_INFO = INCLUDE_SOURCE;
				MTL_FAST_MATH = YES;
				ONLY_ACTIVE_ARCH = YES;
				SDKROOT = macosx;
				SWIFT_ACTIVE_COMPILATION_CONDITIONS = "DEBUG $(inherited)";
				SWIFT_OPTIMIZATION_LEVEL = "-Onone";
			};
			name = Debug;
		};
		2F813A1B2F0BC6870076B6D0 /* Release */ = {
			isa = XCBuildConfiguration;
			buildSettings = {
				ALWAYS_SEARCH_USER_PATHS = NO;
				ASSETCATALOG_COMPILER_GENERATE_SWIFT_ASSET_SYMBOL_EXTENSIONS = YES;
				CLANG_ANALYZER_NONNULL = YES;
				CLANG_ANALYZER_NUMBER_OBJECT_CONVERSION = YES_AGGRESSIVE;
				CLANG_CXX_LANGUAGE_STANDARD = "gnu++20";
				CLANG_ENABLE_MODULES = YES;
				CLANG_ENABLE_OBJC_ARC = YES;
				CLANG_ENABLE_OBJC_WEAK = YES;
				CLANG_WARN_BLOCK_CAPTURE_AUTORELEASING = YES;
				CLANG_WARN_BOOL_CONVERSION = YES;
				CLANG_WARN_COMMA = YES;
				CLANG_WARN_CONSTANT_CONVERSION = YES;
				CLANG_WARN_DEPRECATED_OBJC_IMPLEMENTATIONS = YES;
				CLANG_WARN_DIRECT_OBJC_ISA_USAGE = YES_ERROR;
				CLANG_WARN_DOCUMENTATION_COMMENTS = YES;
				CLANG_WARN_EMPTY_BODY = YES;
				CLANG_WARN_ENUM_CONVERSION = YES;
				CLANG_WARN_INFINITE_RECURSION = YES;
				CLANG_WARN_INT_CONVERSION = YES;
				CLANG_WARN_NON_LITERAL_NULL_CONVERSION = YES;
				CLANG_WARN_OBJC_IMPLICIT_RETAIN_SELF = YES;
				CLANG_WARN_OBJC_LITERAL_CONVERSION = YES;
				CLANG_WARN_OBJC_ROOT_CLASS = YES_ERROR;
				CLANG_WARN_QUOTED_INCLUDE_IN_FRAMEWORK_HEADER = YES;
				CLANG_WARN_RANGE_LOOP_ANALYSIS = YES;
				CLANG_WARN_STRICT_PROTOTYPES = YES;
				CLANG_WARN_SUSPICIOUS_MOVE = YES;
				CLANG_WARN_UNGUARDED_AVAILABILITY = YES_AGGRESSIVE;
				CLANG_WARN_UNREACHABLE_CODE = YES;
				CLANG_WARN__DUPLICATE_METHOD_MATCH = YES;
				COPY_PHASE_STRIP = NO;
				DEBUG_INFORMATION_FORMAT = "dwarf-with-dsym";
				ENABLE_NS_ASSERTIONS = NO;
				ENABLE_STRICT_OBJC_MSGSEND = YES;
				ENABLE_USER_SCRIPT_SANDBOXING = YES;
				GCC_C_LANGUAGE_STANDARD = gnu17;
				GCC_NO_COMMON_BLOCKS = YES;
				GCC_WARN_64_TO_32_BIT_CONVERSION = YES;
				GCC_WARN_ABOUT_RETURN_TYPE = YES_ERROR;
				GCC_WARN_UNDECLARED_SELECTOR = YES;
				GCC_WARN_UNINITIALIZED_AUTOS = YES_AGGRESSIVE;
				GCC_WARN_UNUSED_FUNCTION = YES;
				GCC_WARN_UNUSED_VARIABLE = YES;
				LOCALIZATION_PREFERS_STRING_CATALOGS = YES;
				MACOSX_DEPLOYMENT_TARGET = 12.0;
				MTL_ENABLE_DEBUG_INFO = NO;
				MTL_FAST_MATH = YES;
				SDKROOT = macosx;
				SWIFT_COMPILATION_MODE = wholemodule;
			};
			name = Release;
		};
		2F813A1D2F0BC6870076B6D0 /* Debug */ = {
			isa = XCBuildConfiguration;
			buildSettings = {
				ASSETCATALOG_COMPILER_APPICON_NAME = AppIcon;
				ASSETCATALOG_COMPILER_GLOBAL_ACCENT_COLOR_NAME = AccentColor;
				CODE_SIGN_STYLE = Automatic;
				COMBINE_HIDPI_IMAGES = YES;
				CURRENT_PROJECT_VERSION = 1;
				ENABLE_APP_SANDBOX = YES;
				ENABLE_PREVIEWS = YES;
				ENABLE_USER_SELECTED_FILES = readonly;
				GENERATE_INFOPLIST_FILE = YES;
				INFOPLIST_KEY_NSHumanReadableCopyright = "";
				LD_RUNPATH_SEARCH_PATHS = (
					"$(inherited)",
					"@executable_path/../Frameworks",
				);
				MARKETING_VERSION = 1.0;
				PRODUCT_BUNDLE_IDENTIFIER = cz.dominikmazura.MarkdownPreviewer;
				PRODUCT_NAME = "$(TARGET_NAME)";
				REGISTER_APP_GROUPS = YES;
				STRING_CATALOG_GENERATE_SYMBOLS = YES;
				SWIFT_APPROACHABLE_CONCURRENCY = YES;
				SWIFT_DEFAULT_ACTOR_ISOLATION = MainActor;
				SWIFT_EMIT_LOC_STRINGS = YES;
				SWIFT_UPCOMING_FEATURE_MEMBER_IMPORT_VISIBILITY = YES;
				SWIFT_VERSION = 5.0;
			};
			name = Debug;
		};
		2F813A1E2F0BC6870076B6D0 /* Release */ = {
			isa = XCBuildConfiguration;
			buildSettings = {
				ASSETCATALOG_COMPILER_APPICON_NAME = AppIcon;
				ASSETCATALOG_COMPILER_GLOBAL_ACCENT_COLOR_NAME = AccentColor;
				CODE_SIGN_STYLE = Automatic;
				COMBINE_HIDPI_IMAGES = YES;
				CURRENT_PROJECT_VERSION = 1;
				ENABLE_APP_SANDBOX = YES;
				ENABLE_PREVIEWS = YES;
				ENABLE_USER_SELECTED_FILES = readonly;
				GENERATE_INFOPLIST_FILE = YES;
				INFOPLIST_KEY_NSHumanReadableCopyright = "";
				LD_RUNPATH_SEARCH_PATHS = (
					"$(inherited)",
					"@executable_path/../Frameworks",
				);
				MARKETING_VERSION = 1.0;
				PRODUCT_BUNDLE_IDENTIFIER = cz.dominikmazura.MarkdownPreviewer;
				PRODUCT_NAME = "$(TARGET_NAME)";
				REGISTER_APP_GROUPS = YES;
				STRING_CATALOG_GENERATE_SYMBOLS = YES;
				SWIFT_APPROACHABLE_CONCURRENCY = YES;
				SWIFT_DEFAULT_ACTOR_ISOLATION = MainActor;
				SWIFT_EMIT_LOC_STRINGS = YES;
				SWIFT_UPCOMING_FEATURE_MEMBER_IMPORT_VISIBILITY = YES;
				SWIFT_VERSION = 5.0;
			};
			name = Release;
		};
		2F813A352F0BC6BD0076B6D0 /* Debug */ = {
			isa = XCBuildConfiguration;
			buildSettings = {
				CODE_SIGN_ENTITLEMENTS = MarkdownPreviewExtension/MarkdownPreviewExtension.entitlements;
				CODE_SIGN_STYLE = Automatic;
				CURRENT_PROJECT_VERSION = 1;
				ENABLE_APP_SANDBOX = YES;
				ENABLE_USER_SELECTED_FILES = readonly;
				GENERATE_INFOPLIST_FILE = YES;
				INFOPLIST_FILE = MarkdownPreviewExtension/Info.plist;
				INFOPLIST_KEY_CFBundleDisplayName = MarkdownPreviewExtension;
				INFOPLIST_KEY_NSHumanReadableCopyright = "";
				LD_RUNPATH_SEARCH_PATHS = (
					"$(inherited)",
					"@executable_path/../Frameworks",
					"@executable_path/../../../../Frameworks",
				);
				MARKETING_VERSION = 1.0;
				PRODUCT_BUNDLE_IDENTIFIER = cz.dominikmazura.MarkdownPreviewer.MarkdownPreviewExtension;
				PRODUCT_NAME = "$(TARGET_NAME)";
				SKIP_INSTALL = YES;
				STRING_CATALOG_GENERATE_SYMBOLS = YES;
				SWIFT_APPROACHABLE_CONCURRENCY = YES;
				SWIFT_EMIT_LOC_STRINGS = YES;
				SWIFT_UPCOMING_FEATURE_MEMBER_IMPORT_VISIBILITY = YES;
				SWIFT_VERSION = 5.0;
			};
			name = Debug;
		};
		2F813A362F0BC6BD0076B6D0 /* Release */ = {
			isa = XCBuildConfiguration;
			buildSettings = {
				CODE_SIGN_ENTITLEMENTS = MarkdownPreviewExtension/MarkdownPreviewExtension.entitlements;
				CODE_SIGN_STYLE = Automatic;
				CURRENT_PROJECT_VERSION = 1;
				ENABLE_APP_SANDBOX = YES;
				ENABLE_USER_SELECTED_FILES = readonly;
				GENERATE_INFOPLIST_FILE = YES;
				INFOPLIST_FILE = MarkdownPreviewExtension/Info.plist;
				INFOPLIST_KEY_CFBundleDisplayName = MarkdownPreviewExtension;
				INFOPLIST_KEY_NSHumanReadableCopyright = "";
				LD_RUNPATH_SEARCH_PATHS = (
					"$(inherited)",
					"@executable_path/../Frameworks",
					"@executable_path/../../../../Frameworks",
				);
				MARKETING_VERSION = 1.0;
				PRODUCT_BUNDLE_IDENTIFIER = cz.dominikmazura.MarkdownPreviewer.MarkdownPreviewExtension;
				PRODUCT_NAME = "$(TARGET_NAME)";
				SKIP_INSTALL = YES;
				STRING_CATALOG_GENERATE_SYMBOLS = YES;
				SWIFT_APPROACHABLE_CONCURRENCY = YES;
				SWIFT_EMIT_LOC_STRINGS = YES;
				SWIFT_UPCOMING_FEATURE_MEMBER_IMPORT_VISIBILITY = YES;
				SWIFT_VERSION = 5.0;
			};
			name = Release;
		};
/* End XCBuildConfiguration section */

/* Begin XCConfigurationList section */
		2F813A0C2F0BC6860076B6D0 /* Build configuration list for PBXProject "MarkdownPreviewer" */ = {
			isa = XCConfigurationList;
			buildConfigurations = (
				2F813A1A2F0BC6870076B6D0 /* Debug */,
				2F813A1B2F0BC6870076B6D0 /* Release */,
			);
			defaultConfigurationIsVisible = 0;
			defaultConfigurationName = Release;
		};
		2F813A1C2F0BC6870076B6D0 /* Build configuration list for PBXNativeTarget "MarkdownPreviewer" */ = {
			isa = XCConfigurationList;
			buildConfigurations = (
				2F813A1D2F0BC6870076B6D0 /* Debug */,
				2F813A1E2F0BC6870076B6D0 /* Release */,
			);
			defaultConfigurationIsVisible = 0;
			defaultConfigurationName = Release;
		};
		2F813A342F0BC6BD0076B6D0 /* Build configuration list for PBXNativeTarget "MarkdownPreviewExtension" */ = {
			isa = XCConfigurationList;
			buildConfigurations = (
				2F813A352F0BC6BD0076B6D0 /* Debug */,
				2F813A362F0BC6BD0076B6D0 /* Release */,
			);
			defaultConfigurationIsVisible = 0;
			defaultConfigurationName = Release;
		};
/* End XCConfigurationList section */
	};
	rootObject = 2F813A092F0BC6860076B6D0 /* Project object */;
}
